// !$*UTF8*$!
{
	archiveVersion = 1;
	classes = {
	};
	objectVersion = 50;
	objects = {

/* Begin PBXBuildFile section */
		1A3EB16724D3D5DF00070548 /* AppDelegate.swift in Sources */ = {isa = PBXBuildFile; fileRef = 1A3EB16624D3D5DF00070548 /* AppDelegate.swift */; };
		1A3EB16924D3D5DF00070548 /* SceneDelegate.swift in Sources */ = {isa = PBXBuildFile; fileRef = 1A3EB16824D3D5DF00070548 /* SceneDelegate.swift */; };
		1A3EB16B24D3D5DF00070548 /* ContentView.swift in Sources */ = {isa = PBXBuildFile; fileRef = 1A3EB16A24D3D5DF00070548 /* ContentView.swift */; };
		1A3EB16D24D3D5E300070548 /* Assets.xcassets in Resources */ = {isa = PBXBuildFile; fileRef = 1A3EB16C24D3D5E300070548 /* Assets.xcassets */; };
		1A3EB17024D3D5E300070548 /* Preview Assets.xcassets in Resources */ = {isa = PBXBuildFile; fileRef = 1A3EB16F24D3D5E300070548 /* Preview Assets.xcassets */; };
		1A3EB17324D3D5E300070548 /* LaunchScreen.storyboard in Resources */ = {isa = PBXBuildFile; fileRef = 1A3EB17124D3D5E300070548 /* LaunchScreen.storyboard */; };
		1A3EB17E24D3D5E400070548 /* AudioBaseTests.swift in Sources */ = {isa = PBXBuildFile; fileRef = 1A3EB17D24D3D5E400070548 /* AudioBaseTests.swift */; };
		1A3EB18924D3D5E400070548 /* AudioBaseUITests.swift in Sources */ = {isa = PBXBuildFile; fileRef = 1A3EB18824D3D5E400070548 /* AudioBaseUITests.swift */; };
		1A3EB19724D3D67A00070548 /* GoogleService-Info.plist in Resources */ = {isa = PBXBuildFile; fileRef = 1A3EB19624D3D67A00070548 /* GoogleService-Info.plist */; };
		1A3EB19824D3D67A00070548 /* GoogleService-Info.plist in Resources */ = {isa = PBXBuildFile; fileRef = 1A3EB19624D3D67A00070548 /* GoogleService-Info.plist */; };
		1A3EB19924D3D67A00070548 /* GoogleService-Info.plist in Resources */ = {isa = PBXBuildFile; fileRef = 1A3EB19624D3D67A00070548 /* GoogleService-Info.plist */; };
		2BA2EFB0EDB4E03EFCD81971 /* Pods_AudioBase.framework in Frameworks */ = {isa = PBXBuildFile; fileRef = 08CA5548055555A6D22CA572 /* Pods_AudioBase.framework */; };
		3D32A842B77E350E3AC5F29D /* Pods_AudioBaseTests.framework in Frameworks */ = {isa = PBXBuildFile; fileRef = 3F10D3ED6227DE7DF5288DAB /* Pods_AudioBaseTests.framework */; };
		F520B1638B53C9BBA9717ADC /* Pods_AudioBase_AudioBaseUITests.framework in Frameworks */ = {isa = PBXBuildFile; fileRef = 459F2BF908FA887E710AA972 /* Pods_AudioBase_AudioBaseUITests.framework */; };
/* End PBXBuildFile section */

/* Begin PBXContainerItemProxy section */
		1A3EB17A24D3D5E400070548 /* PBXContainerItemProxy */ = {
			isa = PBXContainerItemProxy;
			containerPortal = 1A3EB15B24D3D5DF00070548 /* Project object */;
			proxyType = 1;
			remoteGlobalIDString = 1A3EB16224D3D5DF00070548;
			remoteInfo = AudioBase;
		};
		1A3EB18524D3D5E400070548 /* PBXContainerItemProxy */ = {
			isa = PBXContainerItemProxy;
			containerPortal = 1A3EB15B24D3D5DF00070548 /* Project object */;
			proxyType = 1;
			remoteGlobalIDString = 1A3EB16224D3D5DF00070548;
			remoteInfo = AudioBase;
		};
/* End PBXContainerItemProxy section */

/* Begin PBXFileReference section */
		08CA5548055555A6D22CA572 /* Pods_AudioBase.framework */ = {isa = PBXFileReference; explicitFileType = wrapper.framework; includeInIndex = 0; path = Pods_AudioBase.framework; sourceTree = BUILT_PRODUCTS_DIR; };
		1A3EB16324D3D5DF00070548 /* AudioBase.app */ = {isa = PBXFileReference; explicitFileType = wrapper.application; includeInIndex = 0; path = AudioBase.app; sourceTree = BUILT_PRODUCTS_DIR; };
		1A3EB16624D3D5DF00070548 /* AppDelegate.swift */ = {isa = PBXFileReference; lastKnownFileType = sourcecode.swift; path = AppDelegate.swift; sourceTree = "<group>"; };
		1A3EB16824D3D5DF00070548 /* SceneDelegate.swift */ = {isa = PBXFileReference; lastKnownFileType = sourcecode.swift; path = SceneDelegate.swift; sourceTree = "<group>"; };
		1A3EB16A24D3D5DF00070548 /* ContentView.swift */ = {isa = PBXFileReference; lastKnownFileType = sourcecode.swift; path = ContentView.swift; sourceTree = "<group>"; };
		1A3EB16C24D3D5E300070548 /* Assets.xcassets */ = {isa = PBXFileReference; lastKnownFileType = folder.assetcatalog; path = Assets.xcassets; sourceTree = "<group>"; };
		1A3EB16F24D3D5E300070548 /* Preview Assets.xcassets */ = {isa = PBXFileReference; lastKnownFileType = folder.assetcatalog; path = "Preview Assets.xcassets"; sourceTree = "<group>"; };
		1A3EB17224D3D5E300070548 /* Base */ = {isa = PBXFileReference; lastKnownFileType = file.storyboard; name = Base; path = Base.lproj/LaunchScreen.storyboard; sourceTree = "<group>"; };
		1A3EB17424D3D5E300070548 /* Info.plist */ = {isa = PBXFileReference; lastKnownFileType = text.plist.xml; path = Info.plist; sourceTree = "<group>"; };
		1A3EB17924D3D5E400070548 /* AudioBaseTests.xctest */ = {isa = PBXFileReference; explicitFileType = wrapper.cfbundle; includeInIndex = 0; path = AudioBaseTests.xctest; sourceTree = BUILT_PRODUCTS_DIR; };
		1A3EB17D24D3D5E400070548 /* AudioBaseTests.swift */ = {isa = PBXFileReference; lastKnownFileType = sourcecode.swift; path = AudioBaseTests.swift; sourceTree = "<group>"; };
		1A3EB17F24D3D5E400070548 /* Info.plist */ = {isa = PBXFileReference; lastKnownFileType = text.plist.xml; path = Info.plist; sourceTree = "<group>"; };
		1A3EB18424D3D5E400070548 /* AudioBaseUITests.xctest */ = {isa = PBXFileReference; explicitFileType = wrapper.cfbundle; includeInIndex = 0; path = AudioBaseUITests.xctest; sourceTree = BUILT_PRODUCTS_DIR; };
		1A3EB18824D3D5E400070548 /* AudioBaseUITests.swift */ = {isa = PBXFileReference; lastKnownFileType = sourcecode.swift; path = AudioBaseUITests.swift; sourceTree = "<group>"; };
		1A3EB18A24D3D5E400070548 /* Info.plist */ = {isa = PBXFileReference; lastKnownFileType = text.plist.xml; path = Info.plist; sourceTree = "<group>"; };
		1A3EB19624D3D67A00070548 /* GoogleService-Info.plist */ = {isa = PBXFileReference; fileEncoding = 4; lastKnownFileType = text.plist.xml; name = "GoogleService-Info.plist"; path = "../../../../../Downloads/GoogleService-Info.plist"; sourceTree = "<group>"; };
		3F10D3ED6227DE7DF5288DAB /* Pods_AudioBaseTests.framework */ = {isa = PBXFileReference; explicitFileType = wrapper.framework; includeInIndex = 0; path = Pods_AudioBaseTests.framework; sourceTree = BUILT_PRODUCTS_DIR; };
		459F2BF908FA887E710AA972 /* Pods_AudioBase_AudioBaseUITests.framework */ = {isa = PBXFileReference; explicitFileType = wrapper.framework; includeInIndex = 0; path = Pods_AudioBase_AudioBaseUITests.framework; sourceTree = BUILT_PRODUCTS_DIR; };
		6328C77A3AA290738AE50A81 /* Pods-AudioBase-AudioBaseUITests.release.xcconfig */ = {isa = PBXFileReference; includeInIndex = 1; lastKnownFileType = text.xcconfig; name = "Pods-AudioBase-AudioBaseUITests.release.xcconfig"; path = "Target Support Files/Pods-AudioBase-AudioBaseUITests/Pods-AudioBase-AudioBaseUITests.release.xcconfig"; sourceTree = "<group>"; };
		BF548EA1D87311D5CD5ACC5D /* Pods-AudioBase.release.xcconfig */ = {isa = PBXFileReference; includeInIndex = 1; lastKnownFileType = text.xcconfig; name = "Pods-AudioBase.release.xcconfig"; path = "Target Support Files/Pods-AudioBase/Pods-AudioBase.release.xcconfig"; sourceTree = "<group>"; };
		C7A77B0ED2722C3A19F8D655 /* Pods-AudioBaseTests.release.xcconfig */ = {isa = PBXFileReference; includeInIndex = 1; lastKnownFileType = text.xcconfig; name = "Pods-AudioBaseTests.release.xcconfig"; path = "Target Support Files/Pods-AudioBaseTests/Pods-AudioBaseTests.release.xcconfig"; sourceTree = "<group>"; };
		DB76BE81A9DB295EE8534B9E /* Pods-AudioBaseTests.debug.xcconfig */ = {isa = PBXFileReference; includeInIndex = 1; lastKnownFileType = text.xcconfig; name = "Pods-AudioBaseTests.debug.xcconfig"; path = "Target Support Files/Pods-AudioBaseTests/Pods-AudioBaseTests.debug.xcconfig"; sourceTree = "<group>"; };
		E16B5B1156A9E2B02E2736C1 /* Pods-AudioBase.debug.xcconfig */ = {isa = PBXFileReference; includeInIndex = 1; lastKnownFileType = text.xcconfig; name = "Pods-AudioBase.debug.xcconfig"; path = "Target Support Files/Pods-AudioBase/Pods-AudioBase.debug.xcconfig"; sourceTree = "<group>"; };
		F9AF4F9B952BA21047E27F7D /* Pods-AudioBase-AudioBaseUITests.debug.xcconfig */ = {isa = PBXFileReference; includeInIndex = 1; lastKnownFileType = text.xcconfig; name = "Pods-AudioBase-AudioBaseUITests.debug.xcconfig"; path = "Target Support Files/Pods-AudioBase-AudioBaseUITests/Pods-AudioBase-AudioBaseUITests.debug.xcconfig"; sourceTree = "<group>"; };
/* End PBXFileReference section */

/* Begin PBXFrameworksBuildPhase section */
		1A3EB16024D3D5DF00070548 /* Frameworks */ = {
			isa = PBXFrameworksBuildPhase;
			buildActionMask = 2147483647;
			files = (
				2BA2EFB0EDB4E03EFCD81971 /* Pods_AudioBase.framework in Frameworks */,
			);
			runOnlyForDeploymentPostprocessing = 0;
		};
		1A3EB17624D3D5E300070548 /* Frameworks */ = {
			isa = PBXFrameworksBuildPhase;
			buildActionMask = 2147483647;
			files = (
				3D32A842B77E350E3AC5F29D /* Pods_AudioBaseTests.framework in Frameworks */,
			);
			runOnlyForDeploymentPostprocessing = 0;
		};
		1A3EB18124D3D5E400070548 /* Frameworks */ = {
			isa = PBXFrameworksBuildPhase;
			buildActionMask = 2147483647;
			files = (
				F520B1638B53C9BBA9717ADC /* Pods_AudioBase_AudioBaseUITests.framework in Frameworks */,
			);
			runOnlyForDeploymentPostprocessing = 0;
		};
/* End PBXFrameworksBuildPhase section */

/* Begin PBXGroup section */
		1A3EB15A24D3D5DF00070548 = {
			isa = PBXGroup;
			children = (
				1A3EB16524D3D5DF00070548 /* AudioBase */,
				1A3EB17C24D3D5E400070548 /* AudioBaseTests */,
				1A3EB18724D3D5E400070548 /* AudioBaseUITests */,
				1A3EB16424D3D5DF00070548 /* Products */,
				7B3C9922207EBEA999E4C635 /* Pods */,
				5F538D69C4EEA60E6A622A58 /* Frameworks */,
			);
			sourceTree = "<group>";
		};
		1A3EB16424D3D5DF00070548 /* Products */ = {
			isa = PBXGroup;
			children = (
				1A3EB16324D3D5DF00070548 /* AudioBase.app */,
				1A3EB17924D3D5E400070548 /* AudioBaseTests.xctest */,
				1A3EB18424D3D5E400070548 /* AudioBaseUITests.xctest */,
			);
			name = Products;
			sourceTree = "<group>";
		};
		1A3EB16524D3D5DF00070548 /* AudioBase */ = {
			isa = PBXGroup;
			children = (
				1A3EB19624D3D67A00070548 /* GoogleService-Info.plist */,
				1A3EB16624D3D5DF00070548 /* AppDelegate.swift */,
				1A3EB16824D3D5DF00070548 /* SceneDelegate.swift */,
				1A3EB16A24D3D5DF00070548 /* ContentView.swift */,
				1A3EB16C24D3D5E300070548 /* Assets.xcassets */,
				1A3EB17124D3D5E300070548 /* LaunchScreen.storyboard */,
				1A3EB17424D3D5E300070548 /* Info.plist */,
				1A3EB16E24D3D5E300070548 /* Preview Content */,
			);
			path = AudioBase;
			sourceTree = "<group>";
		};
		1A3EB16E24D3D5E300070548 /* Preview Content */ = {
			isa = PBXGroup;
			children = (
				1A3EB16F24D3D5E300070548 /* Preview Assets.xcassets */,
			);
			path = "Preview Content";
			sourceTree = "<group>";
		};
		1A3EB17C24D3D5E400070548 /* AudioBaseTests */ = {
			isa = PBXGroup;
			children = (
				1A3EB17D24D3D5E400070548 /* AudioBaseTests.swift */,
				1A3EB17F24D3D5E400070548 /* Info.plist */,
			);
			path = AudioBaseTests;
			sourceTree = "<group>";
		};
		1A3EB18724D3D5E400070548 /* AudioBaseUITests */ = {
			isa = PBXGroup;
			children = (
				1A3EB18824D3D5E400070548 /* AudioBaseUITests.swift */,
				1A3EB18A24D3D5E400070548 /* Info.plist */,
			);
			path = AudioBaseUITests;
			sourceTree = "<group>";
		};
		5F538D69C4EEA60E6A622A58 /* Frameworks */ = {
			isa = PBXGroup;
			children = (
				08CA5548055555A6D22CA572 /* Pods_AudioBase.framework */,
				459F2BF908FA887E710AA972 /* Pods_AudioBase_AudioBaseUITests.framework */,
				3F10D3ED6227DE7DF5288DAB /* Pods_AudioBaseTests.framework */,
			);
			name = Frameworks;
			sourceTree = "<group>";
		};
		7B3C9922207EBEA999E4C635 /* Pods */ = {
			isa = PBXGroup;
			children = (
				E16B5B1156A9E2B02E2736C1 /* Pods-AudioBase.debug.xcconfig */,
				BF548EA1D87311D5CD5ACC5D /* Pods-AudioBase.release.xcconfig */,
				F9AF4F9B952BA21047E27F7D /* Pods-AudioBase-AudioBaseUITests.debug.xcconfig */,
				6328C77A3AA290738AE50A81 /* Pods-AudioBase-AudioBaseUITests.release.xcconfig */,
				DB76BE81A9DB295EE8534B9E /* Pods-AudioBaseTests.debug.xcconfig */,
				C7A77B0ED2722C3A19F8D655 /* Pods-AudioBaseTests.release.xcconfig */,
			);
			name = Pods;
			path = Pods;
			sourceTree = "<group>";
		};
/* End PBXGroup section */

/* Begin PBXNativeTarget section */
		1A3EB16224D3D5DF00070548 /* AudioBase */ = {
			isa = PBXNativeTarget;
			buildConfigurationList = 1A3EB18D24D3D5E400070548 /* Build configuration list for PBXNativeTarget "AudioBase" */;
			buildPhases = (
				D548319439F8CE86674A8874 /* [CP] Check Pods Manifest.lock */,
				1A3EB15F24D3D5DF00070548 /* Sources */,
				1A3EB16024D3D5DF00070548 /* Frameworks */,
				1A3EB16124D3D5DF00070548 /* Resources */,
				B13ECFFC14D04BD4E06586F1 /* [CP] Embed Pods Frameworks */,
			);
			buildRules = (
			);
			dependencies = (
			);
			name = AudioBase;
			productName = AudioBase;
			productReference = 1A3EB16324D3D5DF00070548 /* AudioBase.app */;
			productType = "com.apple.product-type.application";
		};
		1A3EB17824D3D5E300070548 /* AudioBaseTests */ = {
			isa = PBXNativeTarget;
			buildConfigurationList = 1A3EB19024D3D5E400070548 /* Build configuration list for PBXNativeTarget "AudioBaseTests" */;
			buildPhases = (
				176C6BDDE453D1A6B52ADB92 /* [CP] Check Pods Manifest.lock */,
				1A3EB17524D3D5E300070548 /* Sources */,
				1A3EB17624D3D5E300070548 /* Frameworks */,
				1A3EB17724D3D5E300070548 /* Resources */,
			);
			buildRules = (
			);
			dependencies = (
				1A3EB17B24D3D5E400070548 /* PBXTargetDependency */,
			);
			name = AudioBaseTests;
			productName = AudioBaseTests;
			productReference = 1A3EB17924D3D5E400070548 /* AudioBaseTests.xctest */;
			productType = "com.apple.product-type.bundle.unit-test";
		};
		1A3EB18324D3D5E400070548 /* AudioBaseUITests */ = {
			isa = PBXNativeTarget;
			buildConfigurationList = 1A3EB19324D3D5E400070548 /* Build configuration list for PBXNativeTarget "AudioBaseUITests" */;
			buildPhases = (
				C08A24D3CF79496C5E924CC8 /* [CP] Check Pods Manifest.lock */,
				1A3EB18024D3D5E400070548 /* Sources */,
				1A3EB18124D3D5E400070548 /* Frameworks */,
				1A3EB18224D3D5E400070548 /* Resources */,
				A55871B75DD765F7F1C32AFF /* [CP] Embed Pods Frameworks */,
			);
			buildRules = (
			);
			dependencies = (
				1A3EB18624D3D5E400070548 /* PBXTargetDependency */,
			);
			name = AudioBaseUITests;
			productName = AudioBaseUITests;
			productReference = 1A3EB18424D3D5E400070548 /* AudioBaseUITests.xctest */;
			productType = "com.apple.product-type.bundle.ui-testing";
		};
/* End PBXNativeTarget section */

/* Begin PBXProject section */
		1A3EB15B24D3D5DF00070548 /* Project object */ = {
			isa = PBXProject;
			attributes = {
				LastSwiftUpdateCheck = 1160;
				LastUpgradeCheck = 1160;
				ORGANIZATIONNAME = "James Koch";
				TargetAttributes = {
					1A3EB16224D3D5DF00070548 = {
						CreatedOnToolsVersion = 11.6;
					};
					1A3EB17824D3D5E300070548 = {
						CreatedOnToolsVersion = 11.6;
						TestTargetID = 1A3EB16224D3D5DF00070548;
					};
					1A3EB18324D3D5E400070548 = {
						CreatedOnToolsVersion = 11.6;
						TestTargetID = 1A3EB16224D3D5DF00070548;
					};
				};
			};
			buildConfigurationList = 1A3EB15E24D3D5DF00070548 /* Build configuration list for PBXProject "AudioBase" */;
			compatibilityVersion = "Xcode 9.3";
			developmentRegion = en;
			hasScannedForEncodings = 0;
			knownRegions = (
				en,
				Base,
			);
			mainGroup = 1A3EB15A24D3D5DF00070548;
			productRefGroup = 1A3EB16424D3D5DF00070548 /* Products */;
			projectDirPath = "";
			projectRoot = "";
			targets = (
				1A3EB16224D3D5DF00070548 /* AudioBase */,
				1A3EB17824D3D5E300070548 /* AudioBaseTests */,
				1A3EB18324D3D5E400070548 /* AudioBaseUITests */,
			);
		};
/* End PBXProject section */

/* Begin PBXResourcesBuildPhase section */
		1A3EB16124D3D5DF00070548 /* Resources */ = {
			isa = PBXResourcesBuildPhase;
			buildActionMask = 2147483647;
			files = (
				1A3EB17324D3D5E300070548 /* LaunchScreen.storyboard in Resources */,
				1A3EB19724D3D67A00070548 /* GoogleService-Info.plist in Resources */,
				1A3EB17024D3D5E300070548 /* Preview Assets.xcassets in Resources */,
				1A3EB16D24D3D5E300070548 /* Assets.xcassets in Resources */,
			);
			runOnlyForDeploymentPostprocessing = 0;
		};
		1A3EB17724D3D5E300070548 /* Resources */ = {
			isa = PBXResourcesBuildPhase;
			buildActionMask = 2147483647;
			files = (
				1A3EB19824D3D67A00070548 /* GoogleService-Info.plist in Resources */,
			);
			runOnlyForDeploymentPostprocessing = 0;
		};
		1A3EB18224D3D5E400070548 /* Resources */ = {
			isa = PBXResourcesBuildPhase;
			buildActionMask = 2147483647;
			files = (
				1A3EB19924D3D67A00070548 /* GoogleService-Info.plist in Resources */,
			);
			runOnlyForDeploymentPostprocessing = 0;
		};
/* End PBXResourcesBuildPhase section */

/* Begin PBXShellScriptBuildPhase section */
		176C6BDDE453D1A6B52ADB92 /* [CP] Check Pods Manifest.lock */ = {
			isa = PBXShellScriptBuildPhase;
			buildActionMask = 2147483647;
			files = (
			);
			inputFileListPaths = (
			);
			inputPaths = (
				"${PODS_PODFILE_DIR_PATH}/Podfile.lock",
				"${PODS_ROOT}/Manifest.lock",
			);
			name = "[CP] Check Pods Manifest.lock";
			outputFileListPaths = (
			);
			outputPaths = (
				"$(DERIVED_FILE_DIR)/Pods-AudioBaseTests-checkManifestLockResult.txt",
			);
			runOnlyForDeploymentPostprocessing = 0;
			shellPath = /bin/sh;
			shellScript = "diff \"${PODS_PODFILE_DIR_PATH}/Podfile.lock\" \"${PODS_ROOT}/Manifest.lock\" > /dev/null\nif [ $? != 0 ] ; then\n    # print error to STDERR\n    echo \"error: The sandbox is not in sync with the Podfile.lock. Run 'pod install' or update your CocoaPods installation.\" >&2\n    exit 1\nfi\n# This output is used by Xcode 'outputs' to avoid re-running this script phase.\necho \"SUCCESS\" > \"${SCRIPT_OUTPUT_FILE_0}\"\n";
			showEnvVarsInLog = 0;
		};
		A55871B75DD765F7F1C32AFF /* [CP] Embed Pods Frameworks */ = {
			isa = PBXShellScriptBuildPhase;
			buildActionMask = 2147483647;
			files = (
			);
			inputFileListPaths = (
				"${PODS_ROOT}/Target Support Files/Pods-AudioBase-AudioBaseUITests/Pods-AudioBase-AudioBaseUITests-frameworks-${CONFIGURATION}-input-files.xcfilelist",
			);
			name = "[CP] Embed Pods Frameworks";
			outputFileListPaths = (
				"${PODS_ROOT}/Target Support Files/Pods-AudioBase-AudioBaseUITests/Pods-AudioBase-AudioBaseUITests-frameworks-${CONFIGURATION}-output-files.xcfilelist",
			);
			runOnlyForDeploymentPostprocessing = 0;
			shellPath = /bin/sh;
			shellScript = "\"${PODS_ROOT}/Target Support Files/Pods-AudioBase-AudioBaseUITests/Pods-AudioBase-AudioBaseUITests-frameworks.sh\"\n";
			showEnvVarsInLog = 0;
		};
		B13ECFFC14D04BD4E06586F1 /* [CP] Embed Pods Frameworks */ = {
			isa = PBXShellScriptBuildPhase;
			buildActionMask = 2147483647;
			files = (
			);
			inputFileListPaths = (
				"${PODS_ROOT}/Target Support Files/Pods-AudioBase/Pods-AudioBase-frameworks-${CONFIGURATION}-input-files.xcfilelist",
			);
			name = "[CP] Embed Pods Frameworks";
			outputFileListPaths = (
				"${PODS_ROOT}/Target Support Files/Pods-AudioBase/Pods-AudioBase-frameworks-${CONFIGURATION}-output-files.xcfilelist",
			);
			runOnlyForDeploymentPostprocessing = 0;
			shellPath = /bin/sh;
			shellScript = "\"${PODS_ROOT}/Target Support Files/Pods-AudioBase/Pods-AudioBase-frameworks.sh\"\n";
			showEnvVarsInLog = 0;
		};
		C08A24D3CF79496C5E924CC8 /* [CP] Check Pods Manifest.lock */ = {
			isa = PBXShellScriptBuildPhase;
			buildActionMask = 2147483647;
			files = (
			);
			inputFileListPaths = (
			);
			inputPaths = (
				"${PODS_PODFILE_DIR_PATH}/Podfile.lock",
				"${PODS_ROOT}/Manifest.lock",
			);
			name = "[CP] Check Pods Manifest.lock";
			outputFileListPaths = (
			);
			outputPaths = (
				"$(DERIVED_FILE_DIR)/Pods-AudioBase-AudioBaseUITests-checkManifestLockResult.txt",
			);
			runOnlyForDeploymentPostprocessing = 0;
			shellPath = /bin/sh;
			shellScript = "diff \"${PODS_PODFILE_DIR_PATH}/Podfile.lock\" \"${PODS_ROOT}/Manifest.lock\" > /dev/null\nif [ $? != 0 ] ; then\n    # print error to STDERR\n    echo \"error: The sandbox is not in sync with the Podfile.lock. Run 'pod install' or update your CocoaPods installation.\" >&2\n    exit 1\nfi\n# This output is used by Xcode 'outputs' to avoid re-running this script phase.\necho \"SUCCESS\" > \"${SCRIPT_OUTPUT_FILE_0}\"\n";
			showEnvVarsInLog = 0;
		};
		D548319439F8CE86674A8874 /* [CP] Check Pods Manifest.lock */ = {
			isa = PBXShellScriptBuildPhase;
			buildActionMask = 2147483647;
			files = (
			);
			inputFileListPaths = (
			);
			inputPaths = (
				"${PODS_PODFILE_DIR_PATH}/Podfile.lock",
				"${PODS_ROOT}/Manifest.lock",
			);
			name = "[CP] Check Pods Manifest.lock";
			outputFileListPaths = (
			);
			outputPaths = (
				"$(DERIVED_FILE_DIR)/Pods-AudioBase-checkManifestLockResult.txt",
			);
			runOnlyForDeploymentPostprocessing = 0;
			shellPath = /bin/sh;
			shellScript = "diff \"${PODS_PODFILE_DIR_PATH}/Podfile.lock\" \"${PODS_ROOT}/Manifest.lock\" > /dev/null\nif [ $? != 0 ] ; then\n    # print error to STDERR\n    echo \"error: The sandbox is not in sync with the Podfile.lock. Run 'pod install' or update your CocoaPods installation.\" >&2\n    exit 1\nfi\n# This output is used by Xcode 'outputs' to avoid re-running this script phase.\necho \"SUCCESS\" > \"${SCRIPT_OUTPUT_FILE_0}\"\n";
			showEnvVarsInLog = 0;
		};
/* End PBXShellScriptBuildPhase section */

/* Begin PBXSourcesBuildPhase section */
		1A3EB15F24D3D5DF00070548 /* Sources */ = {
			isa = PBXSourcesBuildPhase;
			buildActionMask = 2147483647;
			files = (
				1A3EB16724D3D5DF00070548 /* AppDelegate.swift in Sources */,
				1A3EB16924D3D5DF00070548 /* SceneDelegate.swift in Sources */,
				1A3EB16B24D3D5DF00070548 /* ContentView.swift in Sources */,
			);
			runOnlyForDeploymentPostprocessing = 0;
		};
		1A3EB17524D3D5E300070548 /* Sources */ = {
			isa = PBXSourcesBuildPhase;
			buildActionMask = 2147483647;
			files = (
				1A3EB17E24D3D5E400070548 /* AudioBaseTests.swift in Sources */,
			);
			runOnlyForDeploymentPostprocessing = 0;
		};
		1A3EB18024D3D5E400070548 /* Sources */ = {
			isa = PBXSourcesBuildPhase;
			buildActionMask = 2147483647;
			files = (
				1A3EB18924D3D5E400070548 /* AudioBaseUITests.swift in Sources */,
			);
			runOnlyForDeploymentPostprocessing = 0;
		};
/* End PBXSourcesBuildPhase section */

/* Begin PBXTargetDependency section */
		1A3EB17B24D3D5E400070548 /* PBXTargetDependency */ = {
			isa = PBXTargetDependency;
			target = 1A3EB16224D3D5DF00070548 /* AudioBase */;
			targetProxy = 1A3EB17A24D3D5E400070548 /* PBXContainerItemProxy */;
		};
		1A3EB18624D3D5E400070548 /* PBXTargetDependency */ = {
			isa = PBXTargetDependency;
			target = 1A3EB16224D3D5DF00070548 /* AudioBase */;
			targetProxy = 1A3EB18524D3D5E400070548 /* PBXContainerItemProxy */;
		};
/* End PBXTargetDependency section */

/* Begin PBXVariantGroup section */
		1A3EB17124D3D5E300070548 /* LaunchScreen.storyboard */ = {
			isa = PBXVariantGroup;
			children = (
				1A3EB17224D3D5E300070548 /* Base */,
			);
			name = LaunchScreen.storyboard;
			sourceTree = "<group>";
		};
/* End PBXVariantGroup section */

/* Begin XCBuildConfiguration section */
		1A3EB18B24D3D5E400070548 /* Debug */ = {
			isa = XCBuildConfiguration;
			buildSettings = {
				ALWAYS_SEARCH_USER_PATHS = NO;
				CLANG_ANALYZER_NONNULL = YES;
				CLANG_ANALYZER_NUMBER_OBJECT_CONVERSION = YES_AGGRESSIVE;
				CLANG_CXX_LANGUAGE_STANDARD = "gnu++14";
				CLANG_CXX_LIBRARY = "libc++";
				CLANG_ENABLE_MODULES = YES;
				CLANG_ENABLE_OBJC_ARC = YES;
				CLANG_ENABLE_OBJC_WEAK = YES;
				CLANG_WARN_BLOCK_CAPTURE_AUTORELEASING = YES;
				CLANG_WARN_BOOL_CONVERSION = YES;
				CLANG_WARN_COMMA = YES;
				CLANG_WARN_CONSTANT_CONVERSION = YES;
				CLANG_WARN_DEPRECATED_OBJC_IMPLEMENTATIONS = YES;
				CLANG_WARN_DIRECT_OBJC_ISA_USAGE = YES_ERROR;
				CLANG_WARN_DOCUMENTATION_COMMENTS = YES;
				CLANG_WARN_EMPTY_BODY = YES;
				CLANG_WARN_ENUM_CONVERSION = YES;
				CLANG_WARN_INFINITE_RECURSION = YES;
				CLANG_WARN_INT_CONVERSION = YES;
				CLANG_WARN_NON_LITERAL_NULL_CONVERSION = YES;
				CLANG_WARN_OBJC_IMPLICIT_RETAIN_SELF = YES;
				CLANG_WARN_OBJC_LITERAL_CONVERSION = YES;
				CLANG_WARN_OBJC_ROOT_CLASS = YES_ERROR;
				CLANG_WARN_RANGE_LOOP_ANALYSIS = YES;
				CLANG_WARN_STRICT_PROTOTYPES = YES;
				CLANG_WARN_SUSPICIOUS_MOVE = YES;
				CLANG_WARN_UNGUARDED_AVAILABILITY = YES_AGGRESSIVE;
				CLANG_WARN_UNREACHABLE_CODE = YES;
				CLANG_WARN__DUPLICATE_METHOD_MATCH = YES;
				COPY_PHASE_STRIP = NO;
				DEBUG_INFORMATION_FORMAT = dwarf;
				ENABLE_STRICT_OBJC_MSGSEND = YES;
				ENABLE_TESTABILITY = YES;
				GCC_C_LANGUAGE_STANDARD = gnu11;
				GCC_DYNAMIC_NO_PIC = NO;
				GCC_NO_COMMON_BLOCKS = YES;
				GCC_OPTIMIZATION_LEVEL = 0;
				GCC_PREPROCESSOR_DEFINITIONS = (
					"DEBUG=1",
					"$(inherited)",
				);
				GCC_WARN_64_TO_32_BIT_CONVERSION = YES;
				GCC_WARN_ABOUT_RETURN_TYPE = YES_ERROR;
				GCC_WARN_UNDECLARED_SELECTOR = YES;
				GCC_WARN_UNINITIALIZED_AUTOS = YES_AGGRESSIVE;
				GCC_WARN_UNUSED_FUNCTION = YES;
				GCC_WARN_UNUSED_VARIABLE = YES;
				IPHONEOS_DEPLOYMENT_TARGET = 13.6;
				MTL_ENABLE_DEBUG_INFO = INCLUDE_SOURCE;
				MTL_FAST_MATH = YES;
				ONLY_ACTIVE_ARCH = YES;
				SDKROOT = iphoneos;
				SWIFT_ACTIVE_COMPILATION_CONDITIONS = DEBUG;
				SWIFT_OPTIMIZATION_LEVEL = "-Onone";
			};
			name = Debug;
		};
		1A3EB18C24D3D5E400070548 /* Release */ = {
			isa = XCBuildConfiguration;
			buildSettings = {
				ALWAYS_SEARCH_USER_PATHS = NO;
				CLANG_ANALYZER_NONNULL = YES;
				CLANG_ANALYZER_NUMBER_OBJECT_CONVERSION = YES_AGGRESSIVE;
				CLANG_CXX_LANGUAGE_STANDARD = "gnu++14";
				CLANG_CXX_LIBRARY = "libc++";
				CLANG_ENABLE_MODULES = YES;
				CLANG_ENABLE_OBJC_ARC = YES;
				CLANG_ENABLE_OBJC_WEAK = YES;
				CLANG_WARN_BLOCK_CAPTURE_AUTORELEASING = YES;
				CLANG_WARN_BOOL_CONVERSION = YES;
				CLANG_WARN_COMMA = YES;
				CLANG_WARN_CONSTANT_CONVERSION = YES;
				CLANG_WARN_DEPRECATED_OBJC_IMPLEMENTATIONS = YES;
				CLANG_WARN_DIRECT_OBJC_ISA_USAGE = YES_ERROR;
				CLANG_WARN_DOCUMENTATION_COMMENTS = YES;
				CLANG_WARN_EMPTY_BODY = YES;
				CLANG_WARN_ENUM_CONVERSION = YES;
				CLANG_WARN_INFINITE_RECURSION = YES;
				CLANG_WARN_INT_CONVERSION = YES;
				CLANG_WARN_NON_LITERAL_NULL_CONVERSION = YES;
				CLANG_WARN_OBJC_IMPLICIT_RETAIN_SELF = YES;
				CLANG_WARN_OBJC_LITERAL_CONVERSION = YES;
				CLANG_WARN_OBJC_ROOT_CLASS = YES_ERROR;
				CLANG_WARN_RANGE_LOOP_ANALYSIS = YES;
				CLANG_WARN_STRICT_PROTOTYPES = YES;
				CLANG_WARN_SUSPICIOUS_MOVE = YES;
				CLANG_WARN_UNGUARDED_AVAILABILITY = YES_AGGRESSIVE;
				CLANG_WARN_UNREACHABLE_CODE = YES;
				CLANG_WARN__DUPLICATE_METHOD_MATCH = YES;
				COPY_PHASE_STRIP = NO;
				DEBUG_INFORMATION_FORMAT = "dwarf-with-dsym";
				ENABLE_NS_ASSERTIONS = NO;
				ENABLE_STRICT_OBJC_MSGSEND = YES;
				GCC_C_LANGUAGE_STANDARD = gnu11;
				GCC_NO_COMMON_BLOCKS = YES;
				GCC_WARN_64_TO_32_BIT_CONVERSION = YES;
				GCC_WARN_ABOUT_RETURN_TYPE = YES_ERROR;
				GCC_WARN_UNDECLARED_SELECTOR = YES;
				GCC_WARN_UNINITIALIZED_AUTOS = YES_AGGRESSIVE;
				GCC_WARN_UNUSED_FUNCTION = YES;
				GCC_WARN_UNUSED_VARIABLE = YES;
				IPHONEOS_DEPLOYMENT_TARGET = 13.6;
				MTL_ENABLE_DEBUG_INFO = NO;
				MTL_FAST_MATH = YES;
				SDKROOT = iphoneos;
				SWIFT_COMPILATION_MODE = wholemodule;
				SWIFT_OPTIMIZATION_LEVEL = "-O";
				VALIDATE_PRODUCT = YES;
			};
			name = Release;
		};
		1A3EB18E24D3D5E400070548 /* Debug */ = {
			isa = XCBuildConfiguration;
			baseConfigurationReference = E16B5B1156A9E2B02E2736C1 /* Pods-AudioBase.debug.xcconfig */;
			buildSettings = {
				ASSETCATALOG_COMPILER_APPICON_NAME = AppIcon;
				CODE_SIGN_STYLE = Automatic;
				DEVELOPMENT_ASSET_PATHS = "\"AudioBase/Preview Content\"";
				DEVELOPMENT_TEAM = 49LP837MGN;
				ENABLE_PREVIEWS = YES;
				INFOPLIST_FILE = AudioBase/Info.plist;
				LD_RUNPATH_SEARCH_PATHS = (
					"$(inherited)",
					"@executable_path/Frameworks",
				);
				PRODUCT_BUNDLE_IDENTIFIER = us.koch.james.AudioBase;
				PRODUCT_NAME = "$(TARGET_NAME)";
				SWIFT_VERSION = 5.0;
				TARGETED_DEVICE_FAMILY = "1,2";
			};
			name = Debug;
		};
		1A3EB18F24D3D5E400070548 /* Release */ = {
			isa = XCBuildConfiguration;
			baseConfigurationReference = BF548EA1D87311D5CD5ACC5D /* Pods-AudioBase.release.xcconfig */;
			buildSettings = {
				ASSETCATALOG_COMPILER_APPICON_NAME = AppIcon;
				CODE_SIGN_STYLE = Automatic;
				DEVELOPMENT_ASSET_PATHS = "\"AudioBase/Preview Content\"";
				DEVELOPMENT_TEAM = 49LP837MGN;
				ENABLE_PREVIEWS = YES;
				INFOPLIST_FILE = AudioBase/Info.plist;
				LD_RUNPATH_SEARCH_PATHS = (
					"$(inherited)",
					"@executable_path/Frameworks",
				);
				PRODUCT_BUNDLE_IDENTIFIER = us.koch.james.AudioBase;
				PRODUCT_NAME = "$(TARGET_NAME)";
				SWIFT_VERSION = 5.0;
				TARGETED_DEVICE_FAMILY = "1,2";
			};
			name = Release;
		};
		1A3EB19124D3D5E400070548 /* Debug */ = {
			isa = XCBuildConfiguration;
			baseConfigurationReference = DB76BE81A9DB295EE8534B9E /* Pods-AudioBaseTests.debug.xcconfig */;
			buildSettings = {
				ALWAYS_EMBED_SWIFT_STANDARD_LIBRARIES = YES;
				BUNDLE_LOADER = "$(TEST_HOST)";
				CODE_SIGN_STYLE = Automatic;
				DEVELOPMENT_TEAM = 49LP837MGN;
				INFOPLIST_FILE = AudioBaseTests/Info.plist;
				IPHONEOS_DEPLOYMENT_TARGET = 13.6;
				LD_RUNPATH_SEARCH_PATHS = (
					"$(inherited)",
					"@executable_path/Frameworks",
					"@loader_path/Frameworks",
				);
				PRODUCT_BUNDLE_IDENTIFIER = us.koch.james.AudioBaseTests;
				PRODUCT_NAME = "$(TARGET_NAME)";
				SWIFT_VERSION = 5.0;
				TARGETED_DEVICE_FAMILY = "1,2";
				TEST_HOST = "$(BUILT_PRODUCTS_DIR)/AudioBase.app/AudioBase";
			};
			name = Debug;
		};
		1A3EB19224D3D5E400070548 /* Release */ = {
			isa = XCBuildConfiguration;
			baseConfigurationReference = C7A77B0ED2722C3A19F8D655 /* Pods-AudioBaseTests.release.xcconfig */;
			buildSettings = {
				ALWAYS_EMBED_SWIFT_STANDARD_LIBRARIES = YES;
				BUNDLE_LOADER = "$(TEST_HOST)";
				CODE_SIGN_STYLE = Automatic;
				DEVELOPMENT_TEAM = 49LP837MGN;
				INFOPLIST_FILE = AudioBaseTests/Info.plist;
				IPHONEOS_DEPLOYMENT_TARGET = 13.6;
				LD_RUNPATH_SEARCH_PATHS = (
					"$(inherited)",
					"@executable_path/Frameworks",
					"@loader_path/Frameworks",
				);
				PRODUCT_BUNDLE_IDENTIFIER = us.koch.james.AudioBaseTests;
				PRODUCT_NAME = "$(TARGET_NAME)";
				SWIFT_VERSION = 5.0;
				TARGETED_DEVICE_FAMILY = "1,2";
				TEST_HOST = "$(BUILT_PRODUCTS_DIR)/AudioBase.app/AudioBase";
			};
			name = Release;
		};
		1A3EB19424D3D5E400070548 /* Debug */ = {
			isa = XCBuildConfiguration;
			baseConfigurationReference = F9AF4F9B952BA21047E27F7D /* Pods-AudioBase-AudioBaseUITests.debug.xcconfig */;
			buildSettings = {
				ALWAYS_EMBED_SWIFT_STANDARD_LIBRARIES = YES;
				CODE_SIGN_STYLE = Automatic;
				DEVELOPMENT_TEAM = 49LP837MGN;
				INFOPLIST_FILE = AudioBaseUITests/Info.plist;
				LD_RUNPATH_SEARCH_PATHS = (
					"$(inherited)",
					"@executable_path/Frameworks",
					"@loader_path/Frameworks",
				);
				PRODUCT_BUNDLE_IDENTIFIER = us.koch.james.AudioBaseUITests;
				PRODUCT_NAME = "$(TARGET_NAME)";
				SWIFT_VERSION = 5.0;
				TARGETED_DEVICE_FAMILY = "1,2";
				TEST_TARGET_NAME = AudioBase;
			};
			name = Debug;
		};
		1A3EB19524D3D5E400070548 /* Release */ = {
			isa = XCBuildConfiguration;
			baseConfigurationReference = 6328C77A3AA290738AE50A81 /* Pods-AudioBase-AudioBaseUITests.release.xcconfig */;
			buildSettings = {
				ALWAYS_EMBED_SWIFT_STANDARD_LIBRARIES = YES;
				CODE_SIGN_STYLE = Automatic;
				DEVELOPMENT_TEAM = 49LP837MGN;
				INFOPLIST_FILE = AudioBaseUITests/Info.plist;
				LD_RUNPATH_SEARCH_PATHS = (
					"$(inherited)",
					"@executable_path/Frameworks",
					"@loader_path/Frameworks",
				);
				PRODUCT_BUNDLE_IDENTIFIER = us.koch.james.AudioBaseUITests;
				PRODUCT_NAME = "$(TARGET_NAME)";
				SWIFT_VERSION = 5.0;
				TARGETED_DEVICE_FAMILY = "1,2";
				TEST_TARGET_NAME = AudioBase;
			};
			name = Release;
		};
/* End XCBuildConfiguration section */

/* Begin XCConfigurationList section */
		1A3EB15E24D3D5DF00070548 /* Build configuration list for PBXProject "AudioBase" */ = {
			isa = XCConfigurationList;
			buildConfigurations = (
				1A3EB18B24D3D5E400070548 /* Debug */,
				1A3EB18C24D3D5E400070548 /* Release */,
			);
			defaultConfigurationIsVisible = 0;
			defaultConfigurationName = Release;
		};
		1A3EB18D24D3D5E400070548 /* Build configuration list for PBXNativeTarget "AudioBase" */ = {
			isa = XCConfigurationList;
			buildConfigurations = (
				1A3EB18E24D3D5E400070548 /* Debug */,
				1A3EB18F24D3D5E400070548 /* Release */,
			);
			defaultConfigurationIsVisible = 0;
			defaultConfigurationName = Release;
		};
		1A3EB19024D3D5E400070548 /* Build configuration list for PBXNativeTarget "AudioBaseTests" */ = {
			isa = XCConfigurationList;
			buildConfigurations = (
				1A3EB19124D3D5E400070548 /* Debug */,
				1A3EB19224D3D5E400070548 /* Release */,
			);
			defaultConfigurationIsVisible = 0;
			defaultConfigurationName = Release;
		};
		1A3EB19324D3D5E400070548 /* Build configuration list for PBXNativeTarget "AudioBaseUITests" */ = {
			isa = XCConfigurationList;
			buildConfigurations = (
				1A3EB19424D3D5E400070548 /* Debug */,
				1A3EB19524D3D5E400070548 /* Release */,
			);
			defaultConfigurationIsVisible = 0;
			defaultConfigurationName = Release;
		};
/* End XCConfigurationList section */
	};
	rootObject = 1A3EB15B24D3D5DF00070548 /* Project object */;
}
